
Microsoft Visual Studio Solution File, Format Version 12.00
# Visual Studio Version 17
VisualStudioVersion = 17.11.35327.3
MinimumVisualStudioVersion = 10.0.40219.1
Project("{8BC9CEB8-8B4A-11D0-8D11-00A0C91BC942}") = "Lab_11_01", "Lab_11_01\Lab_11_01.vcxproj", "{8441D7E5-4C93-4227-A961-29F9F3A2209D}"
EndProject
Project("{8BC9CEB8-8B4A-11D0-8D11-00A0C91BC942}") = "Lab_11_02_A", "Lab_11_02_A\Lab_11_02_A.vcxproj", "{E33BC967-65BF-4538-BA10-9990E163D04F}"
EndProject
Project("{8BC9CEB8-8B4A-11D0-8D11-00A0C91BC942}") = "Lab_11_02_B", "Lab_11_02_B\Lab_11_02_B.vcxproj", "{01B4F755-9F67-47A1-A652-857F4E054772}"
EndProject
Project("{8BC9CEB8-8B4A-11D0-8D11-00A0C91BC942}") = "Lab_11_03_A", "Lab_11_03_A\Lab_11_03_A.vcxproj", "{9DEC5187-F50A-4887-8930-255F03998202}"
EndProject
Project("{8BC9CEB8-8B4A-11D0-8D11-00A0C91BC942}") = "Lab_11_03_B", "Lab_11_03_B\Lab_11_03_B.vcxproj", "{A48A0ABA-7569-41A9-B3AB-121EC0F81754}"
EndProject
Project("{8BC9CEB8-8B4A-11D0-8D11-00A0C91BC942}") = "Lab_11_04", "Lab_11_04\Lab_11_04.vcxproj", "{D18388CC-402D-4E68-B3CC-EE9DB74483E9}"
EndProject
Project("{8BC9CEB8-8B4A-11D0-8D11-00A0C91BC942}") = "Lab_11_05", "Lab_11_05\Lab_11_05.vcxproj", "{BE5AAABF-30B1-4DD3-B972-7063B1F8BEA8}"
EndProject
Project("{8BC9CEB8-8B4A-11D0-8D11-00A0C91BC942}") = "test", "test\test.vcxproj", "{A57C67E8-D48D-45D4-B872-C41BACBC3264}"
EndProject
Global
	GlobalSection(SolutionConfigurationPlatforms) = preSolution
		Debug|x64 = Debug|x64
		Debug|x86 = Debug|x86
		Release|x64 = Release|x64
		Release|x86 = Release|x86
	EndGlobalSection
	GlobalSection(ProjectConfigurationPlatforms) = postSolution
		{8441D7E5-4C93-4227-A961-29F9F3A2209D}.Debug|x64.ActiveCfg = Debug|x64
		{8441D7E5-4C93-4227-A961-29F9F3A2209D}.Debug|x64.Build.0 = Debug|x64
		{8441D7E5-4C93-4227-A961-29F9F3A2209D}.Debug|x86.ActiveCfg = Debug|Win32
		{8441D7E5-4C93-4227-A961-29F9F3A2209D}.Debug|x86.Build.0 = Debug|Win32
		{8441D7E5-4C93-4227-A961-29F9F3A2209D}.Release|x64.ActiveCfg = Release|x64
		{8441D7E5-4C93-4227-A961-29F9F3A2209D}.Release|x64.Build.0 = Release|x64
		{8441D7E5-4C93-4227-A961-29F9F3A2209D}.Release|x86.ActiveCfg = Release|Win32
		{8441D7E5-4C93-4227-A961-29F9F3A2209D}.Release|x86.Build.0 = Release|Win32
		{E33BC967-65BF-4538-BA10-9990E163D04F}.Debug|x64.ActiveCfg = Debug|x64
		{E33BC967-65BF-4538-BA10-9990E163D04F}.Debug|x64.Build.0 = Debug|x64
		{E33BC967-65BF-4538-BA10-9990E163D04F}.Debug|x86.ActiveCfg = Debug|Win32
		{E33BC967-65BF-4538-BA10-9990E163D04F}.Debug|x86.Build.0 = Debug|Win32
		{E33BC967-65BF-4538-BA10-9990E163D04F}.Release|x64.ActiveCfg = Release|x64
		{E33BC967-65BF-4538-BA10-9990E163D04F}.Release|x64.Build.0 = Release|x64
		{E33BC967-65BF-4538-BA10-9990E163D04F}.Release|x86.ActiveCfg = Release|Win32
		{E33BC967-65BF-4538-BA10-9990E163D04F}.Release|x86.Build.0 = Release|Win32
		{01B4F755-9F67-47A1-A652-857F4E054772}.Debug|x64.ActiveCfg = Debug|x64
		{01B4F755-9F67-47A1-A652-857F4E054772}.Debug|x64.Build.0 = Debug|x64
		{01B4F755-9F67-47A1-A652-857F4E054772}.Debug|x86.ActiveCfg = Debug|Win32
		{01B4F755-9F67-47A1-A652-857F4E054772}.Debug|x86.Build.0 = Debug|Win32
		{01B4F755-9F67-47A1-A652-857F4E054772}.Release|x64.ActiveCfg = Release|x64
		{01B4F755-9F67-47A1-A652-857F4E054772}.Release|x64.Build.0 = Release|x64
		{01B4F755-9F67-47A1-A652-857F4E054772}.Release|x86.ActiveCfg = Release|Win32
		{01B4F755-9F67-47A1-A652-857F4E054772}.Release|x86.Build.0 = Release|Win32
		{9DEC5187-F50A-4887-8930-255F03998202}.Debug|x64.ActiveCfg = Debug|x64
		{9DEC5187-F50A-4887-8930-255F03998202}.Debug|x64.Build.0 = Debug|x64
		{9DEC5187-F50A-4887-8930-255F03998202}.Debug|x86.ActiveCfg = Debug|Win32
		{9DEC5187-F50A-4887-8930-255F03998202}.Debug|x86.Build.0 = Debug|Win32
		{9DEC5187-F50A-4887-8930-255F03998202}.Release|x64.ActiveCfg = Release|x64
		{9DEC5187-F50A-4887-8930-255F03998202}.Release|x64.Build.0 = Release|x64
		{9DEC5187-F50A-4887-8930-255F03998202}.Release|x86.ActiveCfg = Release|Win32
		{9DEC5187-F50A-4887-8930-255F03998202}.Release|x86.Build.0 = Release|Win32
		{A48A0ABA-7569-41A9-B3AB-121EC0F81754}.Debug|x64.ActiveCfg = Debug|x64
		{A48A0ABA-7569-41A9-B3AB-121EC0F81754}.Debug|x64.Build.0 = Debug|x64
		{A48A0ABA-7569-41A9-B3AB-121EC0F81754}.Debug|x86.ActiveCfg = Debug|Win32
		{A48A0ABA-7569-41A9-B3AB-121EC0F81754}.Debug|x86.Build.0 = Debug|Win32
		{A48A0ABA-7569-41A9-B3AB-121EC0F81754}.Release|x64.ActiveCfg = Release|x64
		{A48A0ABA-7569-41A9-B3AB-121EC0F81754}.Release|x64.Build.0 = Release|x64
		{A48A0ABA-7569-41A9-B3AB-121EC0F81754}.Release|x86.ActiveCfg = Release|Win32
		{A48A0ABA-7569-41A9-B3AB-121EC0F81754}.Release|x86.Build.0 = Release|Win32
		{D18388CC-402D-4E68-B3CC-EE9DB74483E9}.Debug|x64.ActiveCfg = Debug|x64
		{D18388CC-402D-4E68-B3CC-EE9DB74483E9}.Debug|x64.Build.0 = Debug|x64
		{D18388CC-402D-4E68-B3CC-EE9DB74483E9}.Debug|x86.ActiveCfg = Debug|Win32
		{D18388CC-402D-4E68-B3CC-EE9DB74483E9}.Debug|x86.Build.0 = Debug|Win32
		{D18388CC-402D-4E68-B3CC-EE9DB74483E9}.Release|x64.ActiveCfg = Release|x64
		{D18388CC-402D-4E68-B3CC-EE9DB74483E9}.Release|x64.Build.0 = Release|x64
		{D18388CC-402D-4E68-B3CC-EE9DB74483E9}.Release|x86.ActiveCfg = Release|Win32
		{D18388CC-402D-4E68-B3CC-EE9DB74483E9}.Release|x86.Build.0 = Release|Win32
		{BE5AAABF-30B1-4DD3-B972-7063B1F8BEA8}.Debug|x64.ActiveCfg = Debug|x64
		{BE5AAABF-30B1-4DD3-B972-7063B1F8BEA8}.Debug|x64.Build.0 = Debug|x64
		{BE5AAABF-30B1-4DD3-B972-7063B1F8BEA8}.Debug|x86.ActiveCfg = Debug|Win32
		{BE5AAABF-30B1-4DD3-B972-7063B1F8BEA8}.Debug|x86.Build.0 = Debug|Win32
		{BE5AAABF-30B1-4DD3-B972-7063B1F8BEA8}.Release|x64.ActiveCfg = Release|x64
		{BE5AAABF-30B1-4DD3-B972-7063B1F8BEA8}.Release|x64.Build.0 = Release|x64
		{BE5AAABF-30B1-4DD3-B972-7063B1F8BEA8}.Release|x86.ActiveCfg = Release|Win32
		{BE5AAABF-30B1-4DD3-B972-7063B1F8BEA8}.Release|x86.Build.0 = Release|Win32
		{A57C67E8-D48D-45D4-B872-C41BACBC3264}.Debug|x64.ActiveCfg = Debug|x64
		{A57C67E8-D48D-45D4-B872-C41BACBC3264}.Debug|x64.Build.0 = Debug|x64
		{A57C67E8-D48D-45D4-B872-C41BACBC3264}.Debug|x86.ActiveCfg = Debug|Win32
		{A57C67E8-D48D-45D4-B872-C41BACBC3264}.Debug|x86.Build.0 = Debug|Win32
		{A57C67E8-D48D-45D4-B872-C41BACBC3264}.Release|x64.ActiveCfg = Release|x64
		{A57C67E8-D48D-45D4-B872-C41BACBC3264}.Release|x64.Build.0 = Release|x64
		{A57C67E8-D48D-45D4-B872-C41BACBC3264}.Release|x86.ActiveCfg = Release|Win32
		{A57C67E8-D48D-45D4-B872-C41BACBC3264}.Release|x86.Build.0 = Release|Win32
	EndGlobalSection
	GlobalSection(SolutionProperties) = preSolution
		HideSolutionNode = FALSE
	EndGlobalSection
	GlobalSection(ExtensibilityGlobals) = postSolution
		SolutionGuid = {52E3302A-30B9-4C15-91E7-D9BD6AB12528}
	EndGlobalSection
EndGlobal
